
Microsoft Visual Studio Solution File, Format Version 12.00
# Visual Studio 15
VisualStudioVersion = 15.0.26403.7
MinimumVisualStudioVersion = 10.0.40219.1
Project("{2150E333-8FDC-42A3-9474-1A3956D46DE8}") = "Libraries", "Libraries", "{9BB6DBC8-61FF-4ADE-A545-76604C19728F}"
EndProject
Project("{2150E333-8FDC-42A3-9474-1A3956D46DE8}") = "Test", "Test", "{FED26E76-8264-4DB9-ADEF-FF65AA5CA679}"
EndProject
Project("{FAE04EC0-301F-11D3-BF4B-00C04F79EFBC}") = "TestSerializer", "TestSerializer\TestSerializer.csproj", "{9DBFA103-76C0-4363-BE36-C2DF7E238DD7}"
EndProject
Project("{FAE04EC0-301F-11D3-BF4B-00C04F79EFBC}") = "MyLibrary", "MyLibrary\MyLibrary.csproj", "{D2C73F18-E843-434B-AACE-A9159D898FC5}"
EndProject
Global
	GlobalSection(SolutionConfigurationPlatforms) = preSolution
		Debug|Any CPU = Debug|Any CPU
		Release|Any CPU = Release|Any CPU
	EndGlobalSection
	GlobalSection(ProjectConfigurationPlatforms) = postSolution
		{9DBFA103-76C0-4363-BE36-C2DF7E238DD7}.Debug|Any CPU.ActiveCfg = Debug|Any CPU
		{9DBFA103-76C0-4363-BE36-C2DF7E238DD7}.Debug|Any CPU.Build.0 = Debug|Any CPU
		{9DBFA103-76C0-4363-BE36-C2DF7E238DD7}.Release|Any CPU.ActiveCfg = Release|Any CPU
		{9DBFA103-76C0-4363-BE36-C2DF7E238DD7}.Release|Any CPU.Build.0 = Release|Any CPU
		{D2C73F18-E843-434B-AACE-A9159D898FC5}.Debug|Any CPU.ActiveCfg = Debug|Any CPU
		{D2C73F18-E843-434B-AACE-A9159D898FC5}.Debug|Any CPU.Build.0 = Debug|Any CPU
		{D2C73F18-E843-434B-AACE-A9159D898FC5}.Release|Any CPU.ActiveCfg = Release|Any CPU
		{D2C73F18-E843-434B-AACE-A9159D898FC5}.Release|Any CPU.Build.0 = Release|Any CPU
	EndGlobalSection
	GlobalSection(SolutionProperties) = preSolution
		HideSolutionNode = FALSE
	EndGlobalSection
	GlobalSection(NestedProjects) = preSolution
		{9DBFA103-76C0-4363-BE36-C2DF7E238DD7} = {FED26E76-8264-4DB9-ADEF-FF65AA5CA679}
		{D2C73F18-E843-434B-AACE-A9159D898FC5} = {9BB6DBC8-61FF-4ADE-A545-76604C19728F}
	EndGlobalSection
EndGlobal
